// !$*UTF8*$!
{
	archiveVersion = 1;
	classes = {
	};
	objectVersion = 77;
	objects = {

/* Begin PBXBuildFile section */
		18475AC62E982FCE00CD18CD /* OnboardingView.swift in Sources */ = {isa = PBXBuildFile; fileRef = 18475AC52E982FCE00CD18CD /* OnboardingView.swift */; };
		18475AC92E98418800CD18CD /* Onboarding1.swift in Sources */ = {isa = PBXBuildFile; fileRef = 18475AC82E98418800CD18CD /* Onboarding1.swift */; };
		18475ACB2E98796200CD18CD /* Onboarding2.swift in Sources */ = {isa = PBXBuildFile; fileRef = 18475ACA2E98796200CD18CD /* Onboarding2.swift */; };
		18475ACD2E995F5A00CD18CD /* WeekCardView.swift in Sources */ = {isa = PBXBuildFile; fileRef = 18475ACC2E995F5A00CD18CD /* WeekCardView.swift */; };
		18475B022EA1B2A900CD18CD /* Activity.swift in Sources */ = {isa = PBXBuildFile; fileRef = 18475B012EA1B2A900CD18CD /* Activity.swift */; };
		18475B062EA40A4B00CD18CD /* Week.swift in Sources */ = {isa = PBXBuildFile; fileRef = 18475B052EA40A4B00CD18CD /* Week.swift */; };
		18475B0A2EA6DADE00CD18CD /* AddWeekView.swift in Sources */ = {isa = PBXBuildFile; fileRef = 18475B092EA6DADE00CD18CD /* AddWeekView.swift */; };
		186D5ED12ED2AEF200439BAF /* Bundle.swift in Sources */ = {isa = PBXBuildFile; fileRef = 186D5ED02ED2AEF200439BAF /* Bundle.swift */; };
		186D5ED42ED2B1F800439BAF /* DeviceKit in Frameworks */ = {isa = PBXBuildFile; productRef = 186D5ED32ED2B1F800439BAF /* DeviceKit */; };
		186D5ED62ED4EE5100439BAF /* SupportEmail.swift in Sources */ = {isa = PBXBuildFile; fileRef = 186D5ED52ED4EE5100439BAF /* SupportEmail.swift */; };
		186E67BC2E904193006661CA /* Assets.xcassets in Resources */ = {isa = PBXBuildFile; fileRef = 186E67B82E904193006661CA /* Assets.xcassets */; };
		186E67BD2E904193006661CA /* MainView.swift in Sources */ = {isa = PBXBuildFile; fileRef = 186E67B92E904193006661CA /* MainView.swift */; };
		186E67BE2E904193006661CA /* ProgressApp.swift in Sources */ = {isa = PBXBuildFile; fileRef = 186E67BA2E904193006661CA /* ProgressApp.swift */; };
		186E67C12E9043DE006661CA /* Goal.swift in Sources */ = {isa = PBXBuildFile; fileRef = 186E67C02E9043DE006661CA /* Goal.swift */; };
		186E67CB2E90B2B4006661CA /* GoalCardView.swift in Sources */ = {isa = PBXBuildFile; fileRef = 186E67CA2E90B2B4006661CA /* GoalCardView.swift */; };
		186E67CD2E9189DE006661CA /* AddNewGoalView.swift in Sources */ = {isa = PBXBuildFile; fileRef = 186E67CC2E9189DE006661CA /* AddNewGoalView.swift */; };
		186E67D22E920301006661CA /* DetailView.swift in Sources */ = {isa = PBXBuildFile; fileRef = 186E67D12E920301006661CA /* DetailView.swift */; };
		186E67D62E956E8B006661CA /* ProgressBarView.swift in Sources */ = {isa = PBXBuildFile; fileRef = 186E67D52E956E8B006661CA /* ProgressBarView.swift */; };
		186E67D82E95A61F006661CA /* DayCardView.swift in Sources */ = {isa = PBXBuildFile; fileRef = 186E67D72E95A61F006661CA /* DayCardView.swift */; };
		187043F82EB2BB270021D1B5 /* FontHelper.swift in Sources */ = {isa = PBXBuildFile; fileRef = 187043F72EB2BB270021D1B5 /* FontHelper.swift */; };
		187043FD2EB2FF990021D1B5 /* SF-Pro-Display-Semibold.otf in Resources */ = {isa = PBXBuildFile; fileRef = 187043FC2EB2FF990021D1B5 /* SF-Pro-Display-Semibold.otf */; };
		187044012EB3027F0021D1B5 /* SF-Pro-Text-Medium.otf in Resources */ = {isa = PBXBuildFile; fileRef = 187044002EB3027F0021D1B5 /* SF-Pro-Text-Medium.otf */; };
		187044032EB304050021D1B5 /* SF-Pro-Text-Light.otf in Resources */ = {isa = PBXBuildFile; fileRef = 187044022EB304050021D1B5 /* SF-Pro-Text-Light.otf */; };
		187044052EB305420021D1B5 /* SF-Pro-Display-Regular.otf in Resources */ = {isa = PBXBuildFile; fileRef = 187044042EB305420021D1B5 /* SF-Pro-Display-Regular.otf */; };
		187044082EB3E6D00021D1B5 /* SF-Pro-Text-Thin.otf in Resources */ = {isa = PBXBuildFile; fileRef = 187044072EB3E6D00021D1B5 /* SF-Pro-Text-Thin.otf */; };
		1870440A2EB552360021D1B5 /* Percent.swift in Sources */ = {isa = PBXBuildFile; fileRef = 187044092EB552360021D1B5 /* Percent.swift */; };
		187044342EC79BED0021D1B5 /* CommentView.swift in Sources */ = {isa = PBXBuildFile; fileRef = 187044332EC79BED0021D1B5 /* CommentView.swift */; };
		187044362ECBA54F0021D1B5 /* OneCommentView.swift in Sources */ = {isa = PBXBuildFile; fileRef = 187044352ECBA54F0021D1B5 /* OneCommentView.swift */; };
		1870443E2ECCE3D10021D1B5 /* TelemetryDeck in Frameworks */ = {isa = PBXBuildFile; productRef = 1870443D2ECCE3D10021D1B5 /* TelemetryDeck */; };
		1887F1152EDBCC3E008B8C18 /* TextHelper.swift in Sources */ = {isa = PBXBuildFile; fileRef = 1887F1142EDBCC3E008B8C18 /* TextHelper.swift */; };
/* End PBXBuildFile section */

/* Begin PBXFileReference section */
		18475AC52E982FCE00CD18CD /* OnboardingView.swift */ = {isa = PBXFileReference; lastKnownFileType = sourcecode.swift; path = OnboardingView.swift; sourceTree = "<group>"; };
		18475AC82E98418800CD18CD /* Onboarding1.swift */ = {isa = PBXFileReference; lastKnownFileType = sourcecode.swift; path = Onboarding1.swift; sourceTree = "<group>"; };
		18475ACA2E98796200CD18CD /* Onboarding2.swift */ = {isa = PBXFileReference; lastKnownFileType = sourcecode.swift; path = Onboarding2.swift; sourceTree = "<group>"; };
		18475ACC2E995F5A00CD18CD /* WeekCardView.swift */ = {isa = PBXFileReference; lastKnownFileType = sourcecode.swift; path = WeekCardView.swift; sourceTree = "<group>"; };
		18475B012EA1B2A900CD18CD /* Activity.swift */ = {isa = PBXFileReference; lastKnownFileType = sourcecode.swift; path = Activity.swift; sourceTree = "<group>"; };
		18475B052EA40A4B00CD18CD /* Week.swift */ = {isa = PBXFileReference; lastKnownFileType = sourcecode.swift; path = Week.swift; sourceTree = "<group>"; };
		18475B092EA6DADE00CD18CD /* AddWeekView.swift */ = {isa = PBXFileReference; lastKnownFileType = sourcecode.swift; path = AddWeekView.swift; sourceTree = "<group>"; };
		186D5ED02ED2AEF200439BAF /* Bundle.swift */ = {isa = PBXFileReference; lastKnownFileType = sourcecode.swift; path = Bundle.swift; sourceTree = "<group>"; };
		186D5ED52ED4EE5100439BAF /* SupportEmail.swift */ = {isa = PBXFileReference; lastKnownFileType = sourcecode.swift; path = SupportEmail.swift; sourceTree = "<group>"; };
		186E67AA2E8DA5BB006661CA /* Progress.app */ = {isa = PBXFileReference; explicitFileType = wrapper.application; includeInIndex = 0; path = Progress.app; sourceTree = BUILT_PRODUCTS_DIR; };
		186E67B82E904193006661CA /* Assets.xcassets */ = {isa = PBXFileReference; lastKnownFileType = folder.assetcatalog; path = Assets.xcassets; sourceTree = "<group>"; };
		186E67B92E904193006661CA /* MainView.swift */ = {isa = PBXFileReference; lastKnownFileType = sourcecode.swift; path = MainView.swift; sourceTree = "<group>"; };
		186E67BA2E904193006661CA /* ProgressApp.swift */ = {isa = PBXFileReference; lastKnownFileType = sourcecode.swift; path = ProgressApp.swift; sourceTree = "<group>"; };
		186E67C02E9043DE006661CA /* Goal.swift */ = {isa = PBXFileReference; lastKnownFileType = sourcecode.swift; path = Goal.swift; sourceTree = "<group>"; };
		186E67C42E906782006661CA /* Info.plist */ = {isa = PBXFileReference; lastKnownFileType = text.plist; path = Info.plist; sourceTree = "<group>"; };
		186E67CA2E90B2B4006661CA /* GoalCardView.swift */ = {isa = PBXFileReference; lastKnownFileType = sourcecode.swift; path = GoalCardView.swift; sourceTree = "<group>"; };
		186E67CC2E9189DE006661CA /* AddNewGoalView.swift */ = {isa = PBXFileReference; lastKnownFileType = sourcecode.swift; path = AddNewGoalView.swift; sourceTree = "<group>"; };
		186E67D12E920301006661CA /* DetailView.swift */ = {isa = PBXFileReference; lastKnownFileType = sourcecode.swift; path = DetailView.swift; sourceTree = "<group>"; };
		186E67D52E956E8B006661CA /* ProgressBarView.swift */ = {isa = PBXFileReference; lastKnownFileType = sourcecode.swift; path = ProgressBarView.swift; sourceTree = "<group>"; };
		186E67D72E95A61F006661CA /* DayCardView.swift */ = {isa = PBXFileReference; lastKnownFileType = sourcecode.swift; path = DayCardView.swift; sourceTree = "<group>"; };
		187043F72EB2BB270021D1B5 /* FontHelper.swift */ = {isa = PBXFileReference; lastKnownFileType = sourcecode.swift; path = FontHelper.swift; sourceTree = "<group>"; };
		187043FC2EB2FF990021D1B5 /* SF-Pro-Display-Semibold.otf */ = {isa = PBXFileReference; lastKnownFileType = file; path = "SF-Pro-Display-Semibold.otf"; sourceTree = "<group>"; };
		187044002EB3027F0021D1B5 /* SF-Pro-Text-Medium.otf */ = {isa = PBXFileReference; lastKnownFileType = file; path = "SF-Pro-Text-Medium.otf"; sourceTree = "<group>"; };
		187044022EB304050021D1B5 /* SF-Pro-Text-Light.otf */ = {isa = PBXFileReference; lastKnownFileType = file; path = "SF-Pro-Text-Light.otf"; sourceTree = "<group>"; };
		187044042EB305420021D1B5 /* SF-Pro-Display-Regular.otf */ = {isa = PBXFileReference; lastKnownFileType = file; path = "SF-Pro-Display-Regular.otf"; sourceTree = "<group>"; };
		187044072EB3E6D00021D1B5 /* SF-Pro-Text-Thin.otf */ = {isa = PBXFileReference; lastKnownFileType = file; path = "SF-Pro-Text-Thin.otf"; sourceTree = "<group>"; };
		187044092EB552360021D1B5 /* Percent.swift */ = {isa = PBXFileReference; lastKnownFileType = sourcecode.swift; path = Percent.swift; sourceTree = "<group>"; };
		187044332EC79BED0021D1B5 /* CommentView.swift */ = {isa = PBXFileReference; lastKnownFileType = sourcecode.swift; path = CommentView.swift; sourceTree = "<group>"; };
		187044352ECBA54F0021D1B5 /* OneCommentView.swift */ = {isa = PBXFileReference; lastKnownFileType = sourcecode.swift; path = OneCommentView.swift; sourceTree = "<group>"; };
		1887F1142EDBCC3E008B8C18 /* TextHelper.swift */ = {isa = PBXFileReference; lastKnownFileType = sourcecode.swift; path = TextHelper.swift; sourceTree = "<group>"; };
/* End PBXFileReference section */

/* Begin PBXFrameworksBuildPhase section */
		186E67A72E8DA5BB006661CA /* Frameworks */ = {
			isa = PBXFrameworksBuildPhase;
			buildActionMask = 2147483647;
			files = (
				1870443E2ECCE3D10021D1B5 /* TelemetryDeck in Frameworks */,
				186D5ED42ED2B1F800439BAF /* DeviceKit in Frameworks */,
			);
			runOnlyForDeploymentPostprocessing = 0;
		};
/* End PBXFrameworksBuildPhase section */

/* Begin PBXGroup section */
		18475AC72E98416A00CD18CD /* Onboarding */ = {
			isa = PBXGroup;
			children = (
				18475AC52E982FCE00CD18CD /* OnboardingView.swift */,
				18475AC82E98418800CD18CD /* Onboarding1.swift */,
				18475ACA2E98796200CD18CD /* Onboarding2.swift */,
			);
			path = Onboarding;
			sourceTree = "<group>";
		};
		186D5ECF2ED2AEC800439BAF /* Extention */ = {
			isa = PBXGroup;
			children = (
				186D5ED02ED2AEF200439BAF /* Bundle.swift */,
			);
			path = Extention;
			sourceTree = "<group>";
		};
		186E67A12E8DA5BB006661CA = {
			isa = PBXGroup;
			children = (
				186E67BB2E904193006661CA /* Progress */,
				187043F62EB2BAEA0021D1B5 /* Helper */,
				186E67AB2E8DA5BB006661CA /* Products */,
				187044062EB305670021D1B5 /* Font */,
			);
			sourceTree = "<group>";
		};
		186E67AB2E8DA5BB006661CA /* Products */ = {
			isa = PBXGroup;
			children = (
				186E67AA2E8DA5BB006661CA /* Progress.app */,
			);
			name = Products;
			sourceTree = "<group>";
		};
		186E67BB2E904193006661CA /* Progress */ = {
			isa = PBXGroup;
			children = (
				186E67C42E906782006661CA /* Info.plist */,
				186E67B82E904193006661CA /* Assets.xcassets */,
				186E67BA2E904193006661CA /* ProgressApp.swift */,
				18475AC72E98416A00CD18CD /* Onboarding */,
				186E67C92E90B28C006661CA /* FirstScreen */,
				186E67D02E9202CA006661CA /* SecondView */,
				186D5ECF2ED2AEC800439BAF /* Extention */,
				186E67BF2E9041F8006661CA /* Models */,
			);
			path = Progress;
			sourceTree = "<group>";
		};
		186E67BF2E9041F8006661CA /* Models */ = {
			isa = PBXGroup;
			children = (
				186E67C02E9043DE006661CA /* Goal.swift */,
				18475B012EA1B2A900CD18CD /* Activity.swift */,
				18475B052EA40A4B00CD18CD /* Week.swift */,
				186D5ED52ED4EE5100439BAF /* SupportEmail.swift */,
			);
			path = Models;
			sourceTree = "<group>";
		};
		186E67C92E90B28C006661CA /* FirstScreen */ = {
			isa = PBXGroup;
			children = (
				186E67B92E904193006661CA /* MainView.swift */,
				186E67CA2E90B2B4006661CA /* GoalCardView.swift */,
				186E67CC2E9189DE006661CA /* AddNewGoalView.swift */,
			);
			path = FirstScreen;
			sourceTree = "<group>";
		};
		186E67D02E9202CA006661CA /* SecondView */ = {
			isa = PBXGroup;
			children = (
				186E67D12E920301006661CA /* DetailView.swift */,
				18475ACC2E995F5A00CD18CD /* WeekCardView.swift */,
				186E67D72E95A61F006661CA /* DayCardView.swift */,
				187044332EC79BED0021D1B5 /* CommentView.swift */,
				187044352ECBA54F0021D1B5 /* OneCommentView.swift */,
				18475B092EA6DADE00CD18CD /* AddWeekView.swift */,
				186E67D52E956E8B006661CA /* ProgressBarView.swift */,
				187044092EB552360021D1B5 /* Percent.swift */,
			);
			path = SecondView;
			sourceTree = "<group>";
		};
		187043F62EB2BAEA0021D1B5 /* Helper */ = {
			isa = PBXGroup;
			children = (
				187043F72EB2BB270021D1B5 /* FontHelper.swift */,
				1887F1142EDBCC3E008B8C18 /* TextHelper.swift */,
			);
			path = Helper;
			sourceTree = "<group>";
		};
		187044062EB305670021D1B5 /* Font */ = {
			isa = PBXGroup;
			children = (
				187043FC2EB2FF990021D1B5 /* SF-Pro-Display-Semibold.otf */,
				187044002EB3027F0021D1B5 /* SF-Pro-Text-Medium.otf */,
				187044072EB3E6D00021D1B5 /* SF-Pro-Text-Thin.otf */,
				187044042EB305420021D1B5 /* SF-Pro-Display-Regular.otf */,
				187044022EB304050021D1B5 /* SF-Pro-Text-Light.otf */,
			);
			path = Font;
			sourceTree = "<group>";
		};
/* End PBXGroup section */

/* Begin PBXNativeTarget section */
		186E67A92E8DA5BB006661CA /* Progress */ = {
			isa = PBXNativeTarget;
			buildConfigurationList = 186E67B52E8DA5BE006661CA /* Build configuration list for PBXNativeTarget "Progress" */;
			buildPhases = (
				186E67A62E8DA5BB006661CA /* Sources */,
				186E67A72E8DA5BB006661CA /* Frameworks */,
				186E67A82E8DA5BB006661CA /* Resources */,
			);
			buildRules = (
			);
			dependencies = (
			);
			name = Progress;
			packageProductDependencies = (
				1870443D2ECCE3D10021D1B5 /* TelemetryDeck */,
				186D5ED32ED2B1F800439BAF /* DeviceKit */,
			);
			productName = Progress;
			productReference = 186E67AA2E8DA5BB006661CA /* Progress.app */;
			productType = "com.apple.product-type.application";
		};
/* End PBXNativeTarget section */

/* Begin PBXProject section */
		186E67A22E8DA5BB006661CA /* Project object */ = {
			isa = PBXProject;
			attributes = {
				BuildIndependentTargetsInParallel = 1;
				LastSwiftUpdateCheck = 1640;
				LastUpgradeCheck = 1640;
				TargetAttributes = {
					186E67A92E8DA5BB006661CA = {
						CreatedOnToolsVersion = 16.4;
					};
				};
			};
			buildConfigurationList = 186E67A52E8DA5BB006661CA /* Build configuration list for PBXProject "Progress" */;
			developmentRegion = en;
			hasScannedForEncodings = 0;
			knownRegions = (
				en,
				Base,
			);
			mainGroup = 186E67A12E8DA5BB006661CA;
			minimizedProjectReferenceProxies = 1;
			packageReferences = (
				1870443C2ECCE3D10021D1B5 /* XCRemoteSwiftPackageReference "SwiftSDK" */,
				186D5ED22ED2B1F800439BAF /* XCRemoteSwiftPackageReference "DeviceKit" */,
			);
			preferredProjectObjectVersion = 77;
			productRefGroup = 186E67AB2E8DA5BB006661CA /* Products */;
			projectDirPath = "";
			projectRoot = "";
			targets = (
				186E67A92E8DA5BB006661CA /* Progress */,
			);
		};
/* End PBXProject section */

/* Begin PBXResourcesBuildPhase section */
		186E67A82E8DA5BB006661CA /* Resources */ = {
			isa = PBXResourcesBuildPhase;
			buildActionMask = 2147483647;
			files = (
				187043FD2EB2FF990021D1B5 /* SF-Pro-Display-Semibold.otf in Resources */,
				187044032EB304050021D1B5 /* SF-Pro-Text-Light.otf in Resources */,
				186E67BC2E904193006661CA /* Assets.xcassets in Resources */,
				187044082EB3E6D00021D1B5 /* SF-Pro-Text-Thin.otf in Resources */,
				187044012EB3027F0021D1B5 /* SF-Pro-Text-Medium.otf in Resources */,
				187044052EB305420021D1B5 /* SF-Pro-Display-Regular.otf in Resources */,
			);
			runOnlyForDeploymentPostprocessing = 0;
		};
/* End PBXResourcesBuildPhase section */

/* Begin PBXSourcesBuildPhase section */
		186E67A62E8DA5BB006661CA /* Sources */ = {
			isa = PBXSourcesBuildPhase;
			buildActionMask = 2147483647;
			files = (
				187044342EC79BED0021D1B5 /* CommentView.swift in Sources */,
				186E67BD2E904193006661CA /* MainView.swift in Sources */,
				186E67D22E920301006661CA /* DetailView.swift in Sources */,
				187043F82EB2BB270021D1B5 /* FontHelper.swift in Sources */,
				186D5ED12ED2AEF200439BAF /* Bundle.swift in Sources */,
				18475AC92E98418800CD18CD /* Onboarding1.swift in Sources */,
				186E67CB2E90B2B4006661CA /* GoalCardView.swift in Sources */,
				18475AC62E982FCE00CD18CD /* OnboardingView.swift in Sources */,
				18475ACB2E98796200CD18CD /* Onboarding2.swift in Sources */,
				186E67C12E9043DE006661CA /* Goal.swift in Sources */,
				186E67BE2E904193006661CA /* ProgressApp.swift in Sources */,
				186E67CD2E9189DE006661CA /* AddNewGoalView.swift in Sources */,
				1887F1152EDBCC3E008B8C18 /* TextHelper.swift in Sources */,
				18475B062EA40A4B00CD18CD /* Week.swift in Sources */,
				186E67D62E956E8B006661CA /* ProgressBarView.swift in Sources */,
				18475B0A2EA6DADE00CD18CD /* AddWeekView.swift in Sources */,
				18475ACD2E995F5A00CD18CD /* WeekCardView.swift in Sources */,
				1870440A2EB552360021D1B5 /* Percent.swift in Sources */,
				18475B022EA1B2A900CD18CD /* Activity.swift in Sources */,
				187044362ECBA54F0021D1B5 /* OneCommentView.swift in Sources */,
				186E67D82E95A61F006661CA /* DayCardView.swift in Sources */,
				186D5ED62ED4EE5100439BAF /* SupportEmail.swift in Sources */,
			);
			runOnlyForDeploymentPostprocessing = 0;
		};
/* End PBXSourcesBuildPhase section */

/* Begin XCBuildConfiguration section */
		186E67B32E8DA5BE006661CA /* Debug */ = {
			isa = XCBuildConfiguration;
			buildSettings = {
				ALWAYS_SEARCH_USER_PATHS = NO;
				ASSETCATALOG_COMPILER_GENERATE_SWIFT_ASSET_SYMBOL_EXTENSIONS = YES;
				CLANG_ANALYZER_NONNULL = YES;
				CLANG_ANALYZER_NUMBER_OBJECT_CONVERSION = YES_AGGRESSIVE;
				CLANG_CXX_LANGUAGE_STANDARD = "gnu++20";
				CLANG_ENABLE_MODULES = YES;
				CLANG_ENABLE_OBJC_ARC = YES;
				CLANG_ENABLE_OBJC_WEAK = YES;
				CLANG_WARN_BLOCK_CAPTURE_AUTORELEASING = YES;
				CLANG_WARN_BOOL_CONVERSION = YES;
				CLANG_WARN_COMMA = YES;
				CLANG_WARN_CONSTANT_CONVERSION = YES;
				CLANG_WARN_DEPRECATED_OBJC_IMPLEMENTATIONS = YES;
				CLANG_WARN_DIRECT_OBJC_ISA_USAGE = YES_ERROR;
				CLANG_WARN_DOCUMENTATION_COMMENTS = YES;
				CLANG_WARN_EMPTY_BODY = YES;
				CLANG_WARN_ENUM_CONVERSION = YES;
				CLANG_WARN_INFINITE_RECURSION = YES;
				CLANG_WARN_INT_CONVERSION = YES;
				CLANG_WARN_NON_LITERAL_NULL_CONVERSION = YES;
				CLANG_WARN_OBJC_IMPLICIT_RETAIN_SELF = YES;
				CLANG_WARN_OBJC_LITERAL_CONVERSION = YES;
				CLANG_WARN_OBJC_ROOT_CLASS = YES_ERROR;
				CLANG_WARN_QUOTED_INCLUDE_IN_FRAMEWORK_HEADER = YES;
				CLANG_WARN_RANGE_LOOP_ANALYSIS = YES;
				CLANG_WARN_STRICT_PROTOTYPES = YES;
				CLANG_WARN_SUSPICIOUS_MOVE = YES;
				CLANG_WARN_UNGUARDED_AVAILABILITY = YES_AGGRESSIVE;
				CLANG_WARN_UNREACHABLE_CODE = YES;
				CLANG_WARN__DUPLICATE_METHOD_MATCH = YES;
				COPY_PHASE_STRIP = NO;
				DEBUG_INFORMATION_FORMAT = dwarf;
				ENABLE_STRICT_OBJC_MSGSEND = YES;
				ENABLE_TESTABILITY = YES;
				ENABLE_USER_SCRIPT_SANDBOXING = YES;
				GCC_C_LANGUAGE_STANDARD = gnu17;
				GCC_DYNAMIC_NO_PIC = NO;
				GCC_NO_COMMON_BLOCKS = YES;
				GCC_OPTIMIZATION_LEVEL = 0;
				GCC_PREPROCESSOR_DEFINITIONS = (
					"DEBUG=1",
					"$(inherited)",
				);
				GCC_WARN_64_TO_32_BIT_CONVERSION = YES;
				GCC_WARN_ABOUT_RETURN_TYPE = YES_ERROR;
				GCC_WARN_UNDECLARED_SELECTOR = YES;
				GCC_WARN_UNINITIALIZED_AUTOS = YES_AGGRESSIVE;
				GCC_WARN_UNUSED_FUNCTION = YES;
				GCC_WARN_UNUSED_VARIABLE = YES;
				IPHONEOS_DEPLOYMENT_TARGET = 18.5;
				LOCALIZATION_PREFERS_STRING_CATALOGS = YES;
				MTL_ENABLE_DEBUG_INFO = INCLUDE_SOURCE;
				MTL_FAST_MATH = YES;
				ONLY_ACTIVE_ARCH = YES;
				SDKROOT = iphoneos;
				SWIFT_ACTIVE_COMPILATION_CONDITIONS = "DEBUG $(inherited)";
				SWIFT_OPTIMIZATION_LEVEL = "-Onone";
			};
			name = Debug;
		};
		186E67B42E8DA5BE006661CA /* Release */ = {
			isa = XCBuildConfiguration;
			buildSettings = {
				ALWAYS_SEARCH_USER_PATHS = NO;
				ASSETCATALOG_COMPILER_GENERATE_SWIFT_ASSET_SYMBOL_EXTENSIONS = YES;
				CLANG_ANALYZER_NONNULL = YES;
				CLANG_ANALYZER_NUMBER_OBJECT_CONVERSION = YES_AGGRESSIVE;
				CLANG_CXX_LANGUAGE_STANDARD = "gnu++20";
				CLANG_ENABLE_MODULES = YES;
				CLANG_ENABLE_OBJC_ARC = YES;
				CLANG_ENABLE_OBJC_WEAK = YES;
				CLANG_WARN_BLOCK_CAPTURE_AUTORELEASING = YES;
				CLANG_WARN_BOOL_CONVERSION = YES;
				CLANG_WARN_COMMA = YES;
				CLANG_WARN_CONSTANT_CONVERSION = YES;
				CLANG_WARN_DEPRECATED_OBJC_IMPLEMENTATIONS = YES;
				CLANG_WARN_DIRECT_OBJC_ISA_USAGE = YES_ERROR;
				CLANG_WARN_DOCUMENTATION_COMMENTS = YES;
				CLANG_WARN_EMPTY_BODY = YES;
				CLANG_WARN_ENUM_CONVERSION = YES;
				CLANG_WARN_INFINITE_RECURSION = YES;
				CLANG_WARN_INT_CONVERSION = YES;
				CLANG_WARN_NON_LITERAL_NULL_CONVERSION = YES;
				CLANG_WARN_OBJC_IMPLICIT_RETAIN_SELF = YES;
				CLANG_WARN_OBJC_LITERAL_CONVERSION = YES;
				CLANG_WARN_OBJC_ROOT_CLASS = YES_ERROR;
				CLANG_WARN_QUOTED_INCLUDE_IN_FRAMEWORK_HEADER = YES;
				CLANG_WARN_RANGE_LOOP_ANALYSIS = YES;
				CLANG_WARN_STRICT_PROTOTYPES = YES;
				CLANG_WARN_SUSPICIOUS_MOVE = YES;
				CLANG_WARN_UNGUARDED_AVAILABILITY = YES_AGGRESSIVE;
				CLANG_WARN_UNREACHABLE_CODE = YES;
				CLANG_WARN__DUPLICATE_METHOD_MATCH = YES;
				COPY_PHASE_STRIP = NO;
				DEBUG_INFORMATION_FORMAT = "dwarf-with-dsym";
				ENABLE_NS_ASSERTIONS = NO;
				ENABLE_STRICT_OBJC_MSGSEND = YES;
				ENABLE_USER_SCRIPT_SANDBOXING = YES;
				GCC_C_LANGUAGE_STANDARD = gnu17;
				GCC_NO_COMMON_BLOCKS = YES;
				GCC_WARN_64_TO_32_BIT_CONVERSION = YES;
				GCC_WARN_ABOUT_RETURN_TYPE = YES_ERROR;
				GCC_WARN_UNDECLARED_SELECTOR = YES;
				GCC_WARN_UNINITIALIZED_AUTOS = YES_AGGRESSIVE;
				GCC_WARN_UNUSED_FUNCTION = YES;
				GCC_WARN_UNUSED_VARIABLE = YES;
				IPHONEOS_DEPLOYMENT_TARGET = 18.5;
				LOCALIZATION_PREFERS_STRING_CATALOGS = YES;
				MTL_ENABLE_DEBUG_INFO = NO;
				MTL_FAST_MATH = YES;
				SDKROOT = iphoneos;
				SWIFT_COMPILATION_MODE = wholemodule;
				VALIDATE_PRODUCT = YES;
			};
			name = Release;
		};
		186E67B62E8DA5BE006661CA /* Debug */ = {
			isa = XCBuildConfiguration;
			buildSettings = {
				ASSETCATALOG_COMPILER_APPICON_NAME = AppIcon;
				ASSETCATALOG_COMPILER_GLOBAL_ACCENT_COLOR_NAME = AccentColor;
				CODE_SIGN_STYLE = Automatic;
				CURRENT_PROJECT_VERSION = 1;
				DEVELOPMENT_TEAM = 3S53HGH48M;
				ENABLE_PREVIEWS = YES;
				GENERATE_INFOPLIST_FILE = YES;
				INFOPLIST_FILE = Progress/Info.plist;
				INFOPLIST_KEY_ITSAppUsesNonExemptEncryption = NO;
				INFOPLIST_KEY_UIApplicationSceneManifest_Generation = YES;
				INFOPLIST_KEY_UIApplicationSupportsIndirectInputEvents = YES;
				INFOPLIST_KEY_UILaunchScreen_Generation = YES;
				INFOPLIST_KEY_UISupportedInterfaceOrientations = UIInterfaceOrientationPortrait;
				INFOPLIST_KEY_UIUserInterfaceStyle = Light;
				LD_RUNPATH_SEARCH_PATHS = (
					"$(inherited)",
					"@executable_path/Frameworks",
				);
				MARKETING_VERSION = 1.0;
				PRODUCT_BUNDLE_IDENTIFIER = com.codewithliya.Progress;
				PRODUCT_NAME = "$(TARGET_NAME)";
				SWIFT_EMIT_LOC_STRINGS = YES;
				SWIFT_VERSION = 5.0;
				TARGETED_DEVICE_FAMILY = "1,2";
			};
			name = Debug;
		};
		186E67B72E8DA5BE006661CA /* Release */ = {
			isa = XCBuildConfiguration;
			buildSettings = {
				ASSETCATALOG_COMPILER_APPICON_NAME = AppIcon;
				ASSETCATALOG_COMPILER_GLOBAL_ACCENT_COLOR_NAME = AccentColor;
				CODE_SIGN_STYLE = Automatic;
				CURRENT_PROJECT_VERSION = 1;
				DEVELOPMENT_TEAM = 3S53HGH48M;
				ENABLE_PREVIEWS = YES;
				GENERATE_INFOPLIST_FILE = YES;
				INFOPLIST_FILE = Progress/Info.plist;
				INFOPLIST_KEY_ITSAppUsesNonExemptEncryption = NO;
				INFOPLIST_KEY_UIApplicationSceneManifest_Generation = YES;
				INFOPLIST_KEY_UIApplicationSupportsIndirectInputEvents = YES;
				INFOPLIST_KEY_UILaunchScreen_Generation = YES;
				INFOPLIST_KEY_UISupportedInterfaceOrientations = UIInterfaceOrientationPortrait;
				INFOPLIST_KEY_UIUserInterfaceStyle = Light;
				LD_RUNPATH_SEARCH_PATHS = (
					"$(inherited)",
					"@executable_path/Frameworks",
				);
				MARKETING_VERSION = 1.0;
				PRODUCT_BUNDLE_IDENTIFIER = com.codewithliya.Progress;
				PRODUCT_NAME = "$(TARGET_NAME)";
				SWIFT_EMIT_LOC_STRINGS = YES;
				SWIFT_VERSION = 5.0;
				TARGETED_DEVICE_FAMILY = "1,2";
			};
			name = Release;
		};
/* End XCBuildConfiguration section */

/* Begin XCConfigurationList section */
		186E67A52E8DA5BB006661CA /* Build configuration list for PBXProject "Progress" */ = {
			isa = XCConfigurationList;
			buildConfigurations = (
				186E67B32E8DA5BE006661CA /* Debug */,
				186E67B42E8DA5BE006661CA /* Release */,
			);
			defaultConfigurationIsVisible = 0;
			defaultConfigurationName = Release;
		};
		186E67B52E8DA5BE006661CA /* Build configuration list for PBXNativeTarget "Progress" */ = {
			isa = XCConfigurationList;
			buildConfigurations = (
				186E67B62E8DA5BE006661CA /* Debug */,
				186E67B72E8DA5BE006661CA /* Release */,
			);
			defaultConfigurationIsVisible = 0;
			defaultConfigurationName = Release;
		};
/* End XCConfigurationList section */

/* Begin XCRemoteSwiftPackageReference section */
		186D5ED22ED2B1F800439BAF /* XCRemoteSwiftPackageReference "DeviceKit" */ = {
			isa = XCRemoteSwiftPackageReference;
			repositoryURL = "https://github.com/devicekit/DeviceKit";
			requirement = {
				kind = upToNextMajorVersion;
				minimumVersion = 5.7.0;
			};
		};
		1870443C2ECCE3D10021D1B5 /* XCRemoteSwiftPackageReference "SwiftSDK" */ = {
			isa = XCRemoteSwiftPackageReference;
			repositoryURL = "https://github.com/TelemetryDeck/SwiftSDK";
			requirement = {
				kind = upToNextMajorVersion;
				minimumVersion = 2.9.8;
			};
		};
/* End XCRemoteSwiftPackageReference section */

/* Begin XCSwiftPackageProductDependency section */
		186D5ED32ED2B1F800439BAF /* DeviceKit */ = {
			isa = XCSwiftPackageProductDependency;
			package = 186D5ED22ED2B1F800439BAF /* XCRemoteSwiftPackageReference "DeviceKit" */;
			productName = DeviceKit;
		};
		1870443D2ECCE3D10021D1B5 /* TelemetryDeck */ = {
			isa = XCSwiftPackageProductDependency;
			package = 1870443C2ECCE3D10021D1B5 /* XCRemoteSwiftPackageReference "SwiftSDK" */;
			productName = TelemetryDeck;
		};
/* End XCSwiftPackageProductDependency section */
	};
	rootObject = 186E67A22E8DA5BB006661CA /* Project object */;
}
