{
  "originHash" : "64bccebffce285a2c96071d61a80dc79e39d3499a7f217a66e701aa3f2858402",
  "pins" : [
    {
      "identity" : "devicekit",
      "kind" : "remoteSourceControl",
      "location" : "https://github.com/devicekit/DeviceKit",
      "state" : {
        "revision" : "581df61650bc457ec00373a592a84be3e7468eb1",
        "version" : "5.7.0"
      }
    },
    {
      "identity" : "swiftsdk",
      "kind" : "remoteSourceControl",
      "location" : "https://github.com/TelemetryDeck/SwiftSDK",
      "state" : {
        "revision" : "b700213fd13a4dd64500736961b151157bd9a542",
        "version" : "2.9.8"
      }
    }
  ],
  "version" : 3
}
