{
  "originHash" : "781752d9843445d0c5b6d89b6fe2d8bc5ba92fabb9be2c5d25300f69479e6585",
  "pins" : [
    {
      "identity" : "devicekit",
      "kind" : "remoteSourceControl",
      "location" : "https://github.com/devicekit/DeviceKit",
      "state" : {
        "revision" : "581df61650bc457ec00373a592a84be3e7468eb1",
        "version" : "5.7.0"
      }
    },
    {
      "identity" : "swiftsdk",
      "kind" : "remoteSourceControl",
      "location" : "https://github.com/TelemetryDeck/SwiftSDK",
      "state" : {
        "revision" : "b700213fd13a4dd64500736961b151157bd9a542",
        "version" : "2.9.8"
      }
    }
  ],
  "version" : 3
}
